schema: '2.0'
stages:
  data_ingestion:
    cmd: python -m src.data.data_ingestion
    deps:
    - path: src/data/data_ingestion.py
      hash: md5
      md5: 1f0e5617f145f032775ddcfe6520f5e8
      size: 3063
    params:
      params.yaml:
        data_ingestion.test_size: 0.2
    outs:
    - path: data/raw
      hash: md5
      md5: 612e293c691aaad1a3a3c79aa3b02813.dir
      size: 361766
      nfiles: 2
  data_preprocessing:
    cmd: python -m src.data.data_preprocessing
    deps:
    - path: data/raw
      hash: md5
      md5: 612e293c691aaad1a3a3c79aa3b02813.dir
      size: 361766
      nfiles: 2
    - path: src/data/data_preprocessing.py
      hash: md5
      md5: 1ecf985caccd9ab9f8600210d3614821
      size: 5130
    outs:
    - path: data/interim
      hash: md5
      md5: a27b34b905b0894b3a9f46a2a6c09181.dir
      size: 441594
      nfiles: 2
  outlier_handled:
    cmd: python -m src.data.handle_outliers
    deps:
    - path: data/interim
      hash: md5
      md5: a27b34b905b0894b3a9f46a2a6c09181.dir
      size: 441594
      nfiles: 2
    - path: src/data/handle_outliers.py
      hash: md5
      md5: c710977194b884283bc9807703bef7bb
      size: 4089
    outs:
    - path: data/processed
      hash: md5
      md5: ea2db1ab3f0d8f48306588e5988d703c.dir
      size: 417054
      nfiles: 2
  feature_creation:
    cmd: python -m src.features.build_features
    deps:
    - path: data/processed
      hash: md5
      md5: ea2db1ab3f0d8f48306588e5988d703c.dir
      size: 417054
      nfiles: 2
    - path: src/features/build_features.py
      hash: md5
      md5: 8e9dba1ba80fe2f47dcd6c14d3e64cf3
      size: 2975
    outs:
    - path: data/feature_engineering/feature_creation
      hash: md5
      md5: 0688ac24725ed0fed282da6e5a0dd72f.dir
      size: 527333
      nfiles: 2
  feature_selection:
    cmd: python -m src.features.select_features
    deps:
    - path: data/feature_engineering/feature_creation
      hash: md5
      md5: 0688ac24725ed0fed282da6e5a0dd72f.dir
      size: 527333
      nfiles: 2
    - path: src/features/select_features.py
      hash: md5
      md5: a8e3234b2f00604dd820b674533608e4
      size: 5669
    params:
      params.yaml:
        feature_selection.threshold: 0.75
    outs:
    - path: data/feature_engineering/feature_selection
      hash: md5
      md5: c6ddbc11244ad51ed45f86d47277f84d.dir
      size: 415297
      nfiles: 2
  model_building:
    cmd: python -m src.model.build_model
    deps:
    - path: data/feature_engineering/feature_selection
      hash: md5
      md5: c6ddbc11244ad51ed45f86d47277f84d.dir
      size: 415297
      nfiles: 2
    - path: src/model/build_model.py
      hash: md5
      md5: 48d674e0aa1356d16ae87fb09b1bf72a
      size: 5131
    params:
      params.yaml:
        rf_parameter.max_depth: 3
        rf_parameter.n_estimators: 100
    outs:
    - path: models/
      hash: md5
      md5: 9622c3c20f2ac632a8f0132b89ed6119.dir
      size: 146755
      nfiles: 1
  model_testing:
    cmd: python -m src.model.predict_model
    deps:
    - path: data/feature_engineering/feature_selection
      hash: md5
      md5: c6ddbc11244ad51ed45f86d47277f84d.dir
      size: 415297
      nfiles: 2
    - path: models/rf.pkl
      hash: md5
      md5: 3e38b20a02d45af9c91f9b5d605c52c0
      size: 146755
    - path: src/model/predict_model.py
      hash: md5
      md5: d05ff4704fd4f40bb919f2351527f94a
      size: 3997
